
Microsoft Visual Studio Solution File, Format Version 12.00
# Visual Studio Version 16
VisualStudioVersion = 16.0.30320.27
MinimumVisualStudioVersion = 10.0.40219.1
Project("{FAE04EC0-301F-11D3-BF4B-00C04F79EFBC}") = "MyCompanyApp", "MyCompanyApp\MyCompanyApp.csproj", "{C56E7F87-8A17-4E9B-8941-7B7752121E1E}"
EndProject
Project("{FAE04EC0-301F-11D3-BF4B-00C04F79EFBC}") = "WebAssemblyBlazorMart", "WebAssemblyBlazorMart\WebAssemblyBlazorMart.csproj", "{95AB6973-B104-4D44-95FA-32C402EDC8D6}"
EndProject
Global
	GlobalSection(SolutionConfigurationPlatforms) = preSolution
		Debug|Any CPU = Debug|Any CPU
		Release|Any CPU = Release|Any CPU
	EndGlobalSection
	GlobalSection(ProjectConfigurationPlatforms) = postSolution
		{C56E7F87-8A17-4E9B-8941-7B7752121E1E}.Debug|Any CPU.ActiveCfg = Debug|Any CPU
		{C56E7F87-8A17-4E9B-8941-7B7752121E1E}.Debug|Any CPU.Build.0 = Debug|Any CPU
		{C56E7F87-8A17-4E9B-8941-7B7752121E1E}.Release|Any CPU.ActiveCfg = Release|Any CPU
		{C56E7F87-8A17-4E9B-8941-7B7752121E1E}.Release|Any CPU.Build.0 = Release|Any CPU
		{95AB6973-B104-4D44-95FA-32C402EDC8D6}.Debug|Any CPU.ActiveCfg = Debug|Any CPU
		{95AB6973-B104-4D44-95FA-32C402EDC8D6}.Debug|Any CPU.Build.0 = Debug|Any CPU
		{95AB6973-B104-4D44-95FA-32C402EDC8D6}.Release|Any CPU.ActiveCfg = Release|Any CPU
		{95AB6973-B104-4D44-95FA-32C402EDC8D6}.Release|Any CPU.Build.0 = Release|Any CPU
	EndGlobalSection
	GlobalSection(SolutionProperties) = preSolution
		HideSolutionNode = FALSE
	EndGlobalSection
	GlobalSection(ExtensibilityGlobals) = postSolution
		SolutionGuid = {0DD65FDA-4DA8-45E6-9748-5E21925C98C2}
	EndGlobalSection
EndGlobal
